// !$*UTF8*$!
{
	archiveVersion = 1;
	classes = {
	};
	objectVersion = 46;
	objects = {

/* Begin PBXBuildFile section */
		4EA04E6115E5212500021A01 /* UIKit.framework in Frameworks */ = {isa = PBXBuildFile; fileRef = 4EA04E6015E5212500021A01 /* UIKit.framework */; };
		4EA04E6315E5212500021A01 /* Foundation.framework in Frameworks */ = {isa = PBXBuildFile; fileRef = 4EA04E6215E5212500021A01 /* Foundation.framework */; };
		4EA04E6515E5212500021A01 /* CoreGraphics.framework in Frameworks */ = {isa = PBXBuildFile; fileRef = 4EA04E6415E5212500021A01 /* CoreGraphics.framework */; };
		4EA04E7F15E5212500021A01 /* SenTestingKit.framework in Frameworks */ = {isa = PBXBuildFile; fileRef = 4EA04E7E15E5212500021A01 /* SenTestingKit.framework */; };
		4EA04E8015E5212500021A01 /* UIKit.framework in Frameworks */ = {isa = PBXBuildFile; fileRef = 4EA04E6015E5212500021A01 /* UIKit.framework */; };
		4EA04E8115E5212500021A01 /* Foundation.framework in Frameworks */ = {isa = PBXBuildFile; fileRef = 4EA04E6215E5212500021A01 /* Foundation.framework */; };
		E1B9580F16011BBA00E22D88 /* AppDelegate.m in Sources */ = {isa = PBXBuildFile; fileRef = E1B957FF16011BBA00E22D88 /* AppDelegate.m */; };
		E1B9581216011BBA00E22D88 /* MainStoryboard.storyboard in Resources */ = {isa = PBXBuildFile; fileRef = E1B9580416011BBA00E22D88 /* MainStoryboard.storyboard */; };
		E1B9581316011BBA00E22D88 /* main.m in Sources */ = {isa = PBXBuildFile; fileRef = E1B9580616011BBA00E22D88 /* main.m */; };
		E1B9581416011BBA00E22D88 /* ViewController.m in Sources */ = {isa = PBXBuildFile; fileRef = E1B9580816011BBA00E22D88 /* ViewController.m */; };
		E1B9581A16011C0F00E22D88 /* CashRegisterTests.m in Sources */ = {isa = PBXBuildFile; fileRef = E1B9580C16011BBA00E22D88 /* CashRegisterTests.m */; };
/* End PBXBuildFile section */

/* Begin PBXContainerItemProxy section */
		4EA04E8215E5212500021A01 /* PBXContainerItemProxy */ = {
			isa = PBXContainerItemProxy;
			containerPortal = 4EA04E5315E5212500021A01 /* Project object */;
			proxyType = 1;
			remoteGlobalIDString = 4EA04E5B15E5212500021A01;
			remoteInfo = CashReegister;
		};
/* End PBXContainerItemProxy section */

/* Begin PBXFileReference section */
		4EA04E5C15E5212500021A01 /* CashRegister.app */ = {isa = PBXFileReference; explicitFileType = wrapper.application; includeInIndex = 0; path = CashRegister.app; sourceTree = BUILT_PRODUCTS_DIR; };
		4EA04E6015E5212500021A01 /* UIKit.framework */ = {isa = PBXFileReference; lastKnownFileType = wrapper.framework; name = UIKit.framework; path = System/Library/Frameworks/UIKit.framework; sourceTree = SDKROOT; };
		4EA04E6215E5212500021A01 /* Foundation.framework */ = {isa = PBXFileReference; lastKnownFileType = wrapper.framework; name = Foundation.framework; path = System/Library/Frameworks/Foundation.framework; sourceTree = SDKROOT; };
		4EA04E6415E5212500021A01 /* CoreGraphics.framework */ = {isa = PBXFileReference; lastKnownFileType = wrapper.framework; name = CoreGraphics.framework; path = System/Library/Frameworks/CoreGraphics.framework; sourceTree = SDKROOT; };
		4EA04E7D15E5212500021A01 /* CashRegisterTests.octest */ = {isa = PBXFileReference; explicitFileType = wrapper.cfbundle; includeInIndex = 0; path = CashRegisterTests.octest; sourceTree = BUILT_PRODUCTS_DIR; };
		4EA04E7E15E5212500021A01 /* SenTestingKit.framework */ = {isa = PBXFileReference; lastKnownFileType = wrapper.framework; name = SenTestingKit.framework; path = Library/Frameworks/SenTestingKit.framework; sourceTree = DEVELOPER_DIR; };
		E1B957FE16011BBA00E22D88 /* AppDelegate.h */ = {isa = PBXFileReference; fileEncoding = 4; lastKnownFileType = sourcecode.c.h; path = AppDelegate.h; sourceTree = "<group>"; };
		E1B957FF16011BBA00E22D88 /* AppDelegate.m */ = {isa = PBXFileReference; fileEncoding = 4; lastKnownFileType = sourcecode.c.objc; path = AppDelegate.m; sourceTree = "<group>"; };
		E1B9580016011BBA00E22D88 /* CashRegister-Info.plist */ = {isa = PBXFileReference; fileEncoding = 4; lastKnownFileType = text.plist.xml; path = "CashRegister-Info.plist"; sourceTree = "<group>"; };
		E1B9580116011BBA00E22D88 /* CashRegister-Prefix.pch */ = {isa = PBXFileReference; fileEncoding = 4; lastKnownFileType = sourcecode.c.h; path = "CashRegister-Prefix.pch"; sourceTree = "<group>"; };
		E1B9580316011BBA00E22D88 /* en */ = {isa = PBXFileReference; lastKnownFileType = text.plist.strings; name = en; path = en.lproj/InfoPlist.strings; sourceTree = "<group>"; };
		E1B9580516011BBA00E22D88 /* en */ = {isa = PBXFileReference; lastKnownFileType = file.storyboard; name = en; path = en.lproj/MainStoryboard.storyboard; sourceTree = "<group>"; };
		E1B9580616011BBA00E22D88 /* main.m */ = {isa = PBXFileReference; fileEncoding = 4; lastKnownFileType = sourcecode.c.objc; path = main.m; sourceTree = "<group>"; };
		E1B9580716011BBA00E22D88 /* ViewController.h */ = {isa = PBXFileReference; fileEncoding = 4; lastKnownFileType = sourcecode.c.h; path = ViewController.h; sourceTree = "<group>"; };
		E1B9580816011BBA00E22D88 /* ViewController.m */ = {isa = PBXFileReference; fileEncoding = 4; lastKnownFileType = sourcecode.c.objc; path = ViewController.m; sourceTree = "<group>"; };
		E1B9580B16011BBA00E22D88 /* CashRegisterTests.h */ = {isa = PBXFileReference; fileEncoding = 4; lastKnownFileType = sourcecode.c.h; path = CashRegisterTests.h; sourceTree = "<group>"; };
		E1B9580C16011BBA00E22D88 /* CashRegisterTests.m */ = {isa = PBXFileReference; fileEncoding = 4; lastKnownFileType = sourcecode.c.objc; path = CashRegisterTests.m; sourceTree = "<group>"; };
		E1B9580E16011BBA00E22D88 /* en */ = {isa = PBXFileReference; lastKnownFileType = text.plist.strings; name = en; path = en.lproj/InfoPlist.strings; sourceTree = "<group>"; };
		E1B95828160120FA00E22D88 /* CashRegisterTests-Info.plist */ = {isa = PBXFileReference; fileEncoding = 4; lastKnownFileType = text.plist.xml; path = "CashRegisterTests-Info.plist"; sourceTree = "<group>"; };
/* End PBXFileReference section */

/* Begin PBXFrameworksBuildPhase section */
		4EA04E5915E5212500021A01 /* Frameworks */ = {
			isa = PBXFrameworksBuildPhase;
			buildActionMask = 2147483647;
			files = (
				4EA04E6115E5212500021A01 /* UIKit.framework in Frameworks */,
				4EA04E6315E5212500021A01 /* Foundation.framework in Frameworks */,
				4EA04E6515E5212500021A01 /* CoreGraphics.framework in Frameworks */,
			);
			runOnlyForDeploymentPostprocessing = 0;
		};
		4EA04E7915E5212500021A01 /* Frameworks */ = {
			isa = PBXFrameworksBuildPhase;
			buildActionMask = 2147483647;
			files = (
				4EA04E7F15E5212500021A01 /* SenTestingKit.framework in Frameworks */,
				4EA04E8015E5212500021A01 /* UIKit.framework in Frameworks */,
				4EA04E8115E5212500021A01 /* Foundation.framework in Frameworks */,
			);
			runOnlyForDeploymentPostprocessing = 0;
		};
/* End PBXFrameworksBuildPhase section */

/* Begin PBXGroup section */
		4EA04E5115E5212500021A01 = {
			isa = PBXGroup;
			children = (
				E1B957FD16011BBA00E22D88 /* CashRegister */,
				E1B9580916011BBA00E22D88 /* CashRegisterTests */,
				4EA04E5F15E5212500021A01 /* Frameworks */,
				4EA04E5D15E5212500021A01 /* Products */,
			);
			sourceTree = "<group>";
		};
		4EA04E5D15E5212500021A01 /* Products */ = {
			isa = PBXGroup;
			children = (
				4EA04E5C15E5212500021A01 /* CashRegister.app */,
				4EA04E7D15E5212500021A01 /* CashRegisterTests.octest */,
			);
			name = Products;
			sourceTree = "<group>";
		};
		4EA04E5F15E5212500021A01 /* Frameworks */ = {
			isa = PBXGroup;
			children = (
				4EA04E6015E5212500021A01 /* UIKit.framework */,
				4EA04E6215E5212500021A01 /* Foundation.framework */,
				4EA04E6415E5212500021A01 /* CoreGraphics.framework */,
				4EA04E7E15E5212500021A01 /* SenTestingKit.framework */,
			);
			name = Frameworks;
			sourceTree = "<group>";
		};
		E1B957FD16011BBA00E22D88 /* CashRegister */ = {
			isa = PBXGroup;
			children = (
				E1B9581D16011C3200E22D88 /* Supporting Files */,
				E1B957FE16011BBA00E22D88 /* AppDelegate.h */,
				E1B957FF16011BBA00E22D88 /* AppDelegate.m */,
				E1B9580416011BBA00E22D88 /* MainStoryboard.storyboard */,
				E1B9580616011BBA00E22D88 /* main.m */,
				E1B9580716011BBA00E22D88 /* ViewController.h */,
				E1B9580816011BBA00E22D88 /* ViewController.m */,
			);
			path = CashRegister;
			sourceTree = "<group>";
		};
		E1B9580916011BBA00E22D88 /* CashRegisterTests */ = {
			isa = PBXGroup;
			children = (
				E1B9581C16011C2300E22D88 /* Supporting Files */,
				E1B9580B16011BBA00E22D88 /* CashRegisterTests.h */,
				E1B9580C16011BBA00E22D88 /* CashRegisterTests.m */,
			);
			path = CashRegisterTests;
			sourceTree = "<group>";
		};
		E1B9581C16011C2300E22D88 /* Supporting Files */ = {
			isa = PBXGroup;
			children = (
				E1B95828160120FA00E22D88 /* CashRegisterTests-Info.plist */,
				E1B9580D16011BBA00E22D88 /* InfoPlist.strings */,
			);
			name = "Supporting Files";
			sourceTree = "<group>";
		};
		E1B9581D16011C3200E22D88 /* Supporting Files */ = {
			isa = PBXGroup;
			children = (
				E1B9580016011BBA00E22D88 /* CashRegister-Info.plist */,
				E1B9580116011BBA00E22D88 /* CashRegister-Prefix.pch */,
				E1B9580216011BBA00E22D88 /* InfoPlist.strings */,
			);
			name = "Supporting Files";
			sourceTree = "<group>";
		};
/* End PBXGroup section */

/* Begin PBXNativeTarget section */
		4EA04E5B15E5212500021A01 /* CashRegister */ = {
			isa = PBXNativeTarget;
			buildConfigurationList = 4EA04E8F15E5212500021A01 /* Build configuration list for PBXNativeTarget "CashRegister" */;
			buildPhases = (
				4EA04E5815E5212500021A01 /* Sources */,
				4EA04E5915E5212500021A01 /* Frameworks */,
				4EA04E5A15E5212500021A01 /* Resources */,
			);
			buildRules = (
			);
			dependencies = (
			);
			name = CashRegister;
			productName = CashReegister;
			productReference = 4EA04E5C15E5212500021A01 /* CashRegister.app */;
			productType = "com.apple.product-type.application";
		};
		4EA04E7C15E5212500021A01 /* CashRegisterTests */ = {
			isa = PBXNativeTarget;
			buildConfigurationList = 4EA04E9215E5212500021A01 /* Build configuration list for PBXNativeTarget "CashRegisterTests" */;
			buildPhases = (
				4EA04E7815E5212500021A01 /* Sources */,
				4EA04E7915E5212500021A01 /* Frameworks */,
				4EA04E7A15E5212500021A01 /* Resources */,
				4EA04E7B15E5212500021A01 /* ShellScript */,
			);
			buildRules = (
			);
			dependencies = (
				4EA04E8315E5212500021A01 /* PBXTargetDependency */,
			);
			name = CashRegisterTests;
			productName = CashReegisterTests;
			productReference = 4EA04E7D15E5212500021A01 /* CashRegisterTests.octest */;
			productType = "com.apple.product-type.bundle";
		};
/* End PBXNativeTarget section */

/* Begin PBXProject section */
		4EA04E5315E5212500021A01 /* Project object */ = {
			isa = PBXProject;
			attributes = {
				LastUpgradeCheck = 0440;
				ORGANIZATIONNAME = Dealermatch;
			};
			buildConfigurationList = 4EA04E5615E5212500021A01 /* Build configuration list for PBXProject "CashRegister" */;
			compatibilityVersion = "Xcode 3.2";
			developmentRegion = English;
			hasScannedForEncodings = 0;
			knownRegions = (
				en,
			);
			mainGroup = 4EA04E5115E5212500021A01;
			productRefGroup = 4EA04E5D15E5212500021A01 /* Products */;
			projectDirPath = "";
			projectRoot = "";
			targets = (
				4EA04E5B15E5212500021A01 /* CashRegister */,
				4EA04E7C15E5212500021A01 /* CashRegisterTests */,
			);
		};
/* End PBXProject section */

/* Begin PBXResourcesBuildPhase section */
		4EA04E5A15E5212500021A01 /* Resources */ = {
			isa = PBXResourcesBuildPhase;
			buildActionMask = 2147483647;
			files = (
				E1B9581216011BBA00E22D88 /* MainStoryboard.storyboard in Resources */,
			);
			runOnlyForDeploymentPostprocessing = 0;
		};
		4EA04E7A15E5212500021A01 /* Resources */ = {
			isa = PBXResourcesBuildPhase;
			buildActionMask = 2147483647;
			files = (
			);
			runOnlyForDeploymentPostprocessing = 0;
		};
/* End PBXResourcesBuildPhase section */

/* Begin PBXShellScriptBuildPhase section */
		4EA04E7B15E5212500021A01 /* ShellScript */ = {
			isa = PBXShellScriptBuildPhase;
			buildActionMask = 2147483647;
			files = (
			);
			inputPaths = (
			);
			outputPaths = (
			);
			runOnlyForDeploymentPostprocessing = 0;
			shellPath = /bin/sh;
			shellScript = "# Run the unit tests in this test bundle.\n\"${SYSTEM_DEVELOPER_DIR}/Tools/RunUnitTests\"\n";
		};
/* End PBXShellScriptBuildPhase section */

/* Begin PBXSourcesBuildPhase section */
		4EA04E5815E5212500021A01 /* Sources */ = {
			isa = PBXSourcesBuildPhase;
			buildActionMask = 2147483647;
			files = (
				E1B9580F16011BBA00E22D88 /* AppDelegate.m in Sources */,
				E1B9581316011BBA00E22D88 /* main.m in Sources */,
				E1B9581416011BBA00E22D88 /* ViewController.m in Sources */,
			);
			runOnlyForDeploymentPostprocessing = 0;
		};
		4EA04E7815E5212500021A01 /* Sources */ = {
			isa = PBXSourcesBuildPhase;
			buildActionMask = 2147483647;
			files = (
				E1B9581A16011C0F00E22D88 /* CashRegisterTests.m in Sources */,
			);
			runOnlyForDeploymentPostprocessing = 0;
		};
/* End PBXSourcesBuildPhase section */

/* Begin PBXTargetDependency section */
		4EA04E8315E5212500021A01 /* PBXTargetDependency */ = {
			isa = PBXTargetDependency;
			target = 4EA04E5B15E5212500021A01 /* CashRegister */;
			targetProxy = 4EA04E8215E5212500021A01 /* PBXContainerItemProxy */;
		};
/* End PBXTargetDependency section */

/* Begin PBXVariantGroup section */
		E1B9580216011BBA00E22D88 /* InfoPlist.strings */ = {
			isa = PBXVariantGroup;
			children = (
				E1B9580316011BBA00E22D88 /* en */,
			);
			name = InfoPlist.strings;
			sourceTree = "<group>";
		};
		E1B9580416011BBA00E22D88 /* MainStoryboard.storyboard */ = {
			isa = PBXVariantGroup;
			children = (
				E1B9580516011BBA00E22D88 /* en */,
			);
			name = MainStoryboard.storyboard;
			sourceTree = "<group>";
		};
		E1B9580D16011BBA00E22D88 /* InfoPlist.strings */ = {
			isa = PBXVariantGroup;
			children = (
				E1B9580E16011BBA00E22D88 /* en */,
			);
			name = InfoPlist.strings;
			sourceTree = "<group>";
		};
/* End PBXVariantGroup section */

/* Begin XCBuildConfiguration section */
		4EA04E8D15E5212500021A01 /* Debug */ = {
			isa = XCBuildConfiguration;
			buildSettings = {
				ALWAYS_SEARCH_USER_PATHS = NO;
				ARCHS = "$(ARCHS_STANDARD_32_BIT)";
				CLANG_CXX_LANGUAGE_STANDARD = "gnu++0x";
				CLANG_ENABLE_OBJC_ARC = YES;
				CLANG_WARN__DUPLICATE_METHOD_MATCH = YES;
				"CODE_SIGN_IDENTITY[sdk=iphoneos*]" = "iPhone Developer";
				COPY_PHASE_STRIP = NO;
				GCC_C_LANGUAGE_STANDARD = gnu99;
				GCC_DYNAMIC_NO_PIC = NO;
				GCC_OPTIMIZATION_LEVEL = 0;
				GCC_PREPROCESSOR_DEFINITIONS = (
					"DEBUG=1",
					"$(inherited)",
				);
				GCC_SYMBOLS_PRIVATE_EXTERN = NO;
				GCC_VERSION = com.apple.compilers.llvm.clang.1_0;
				GCC_WARN_ABOUT_RETURN_TYPE = YES;
				GCC_WARN_UNINITIALIZED_AUTOS = YES;
				GCC_WARN_UNUSED_VARIABLE = YES;
				IPHONEOS_DEPLOYMENT_TARGET = 5.1;
				SDKROOT = iphoneos;
			};
			name = Debug;
		};
		4EA04E8E15E5212500021A01 /* Release */ = {
			isa = XCBuildConfiguration;
			buildSettings = {
				ALWAYS_SEARCH_USER_PATHS = NO;
				ARCHS = "$(ARCHS_STANDARD_32_BIT)";
				CLANG_CXX_LANGUAGE_STANDARD = "gnu++0x";
				CLANG_ENABLE_OBJC_ARC = YES;
				CLANG_WARN__DUPLICATE_METHOD_MATCH = YES;
				"CODE_SIGN_IDENTITY[sdk=iphoneos*]" = "iPhone Developer";
				COPY_PHASE_STRIP = YES;
				GCC_C_LANGUAGE_STANDARD = gnu99;
				GCC_VERSION = com.apple.compilers.llvm.clang.1_0;
				GCC_WARN_ABOUT_RETURN_TYPE = YES;
				GCC_WARN_UNINITIALIZED_AUTOS = YES;
				GCC_WARN_UNUSED_VARIABLE = YES;
				IPHONEOS_DEPLOYMENT_TARGET = 5.1;
				OTHER_CFLAGS = "-DNS_BLOCK_ASSERTIONS=1";
				SDKROOT = iphoneos;
				VALIDATE_PRODUCT = YES;
			};
			name = Release;
		};
		4EA04E9015E5212500021A01 /* Debug */ = {
			isa = XCBuildConfiguration;
			buildSettings = {
				GCC_PRECOMPILE_PREFIX_HEADER = YES;
				GCC_PREFIX_HEADER = "CashRegister/CashRegister-Prefix.pch";
				INFOPLIST_FILE = "CashRegister/CashRegister-Info.plist";
				PRODUCT_NAME = CashRegister;
				WRAPPER_EXTENSION = app;
			};
			name = Debug;
		};
		4EA04E9115E5212500021A01 /* Release */ = {
			isa = XCBuildConfiguration;
			buildSettings = {
				GCC_PRECOMPILE_PREFIX_HEADER = YES;
				GCC_PREFIX_HEADER = "CashRegister/CashRegister-Prefix.pch";
				INFOPLIST_FILE = "CashRegister/CashRegister-Info.plist";
				PRODUCT_NAME = CashRegister;
				WRAPPER_EXTENSION = app;
			};
			name = Release;
		};
		4EA04E9315E5212500021A01 /* Debug */ = {
			isa = XCBuildConfiguration;
			buildSettings = {
				BUNDLE_LOADER = "$(BUILT_PRODUCTS_DIR)/CashRegister.app/CashRegister";
				FRAMEWORK_SEARCH_PATHS = (
					"\"$(SDKROOT)/Developer/Library/Frameworks\"",
					"\"$(DEVELOPER_LIBRARY_DIR)/Frameworks\"",
				);
				GCC_PRECOMPILE_PREFIX_HEADER = YES;
				GCC_PREFIX_HEADER = "CashRegister/CashRegister-Prefix.pch";
				INFOPLIST_FILE = "CashRegisterTests/CashRegisterTests-Info.plist";
				PRODUCT_NAME = CashRegisterTests;
				TEST_HOST = "$(BUNDLE_LOADER)";
				WRAPPER_EXTENSION = octest;
			};
			name = Debug;
		};
		4EA04E9415E5212500021A01 /* Release */ = {
			isa = XCBuildConfiguration;
			buildSettings = {
				BUNDLE_LOADER = "$(BUILT_PRODUCTS_DIR)/CashRegister.app/CashRegister";
				FRAMEWORK_SEARCH_PATHS = (
					"\"$(SDKROOT)/Developer/Library/Frameworks\"",
					"\"$(DEVELOPER_LIBRARY_DIR)/Frameworks\"",
				);
				GCC_PRECOMPILE_PREFIX_HEADER = YES;
				GCC_PREFIX_HEADER = "CashRegister/CashRegister-Prefix.pch";
				INFOPLIST_FILE = "CashRegisterTests/CashRegisterTests-Info.plist";
				PRODUCT_NAME = CashRegisterTests;
				TEST_HOST = "$(BUNDLE_LOADER)";
				WRAPPER_EXTENSION = octest;
			};
			name = Release;
		};
/* End XCBuildConfiguration section */

/* Begin XCConfigurationList section */
		4EA04E5615E5212500021A01 /* Build configuration list for PBXProject "CashRegister" */ = {
			isa = XCConfigurationList;
			buildConfigurations = (
				4EA04E8D15E5212500021A01 /* Debug */,
				4EA04E8E15E5212500021A01 /* Release */,
			);
			defaultConfigurationIsVisible = 0;
			defaultConfigurationName = Release;
		};
		4EA04E8F15E5212500021A01 /* Build configuration list for PBXNativeTarget "CashRegister" */ = {
			isa = XCConfigurationList;
			buildConfigurations = (
				4EA04E9015E5212500021A01 /* Debug */,
				4EA04E9115E5212500021A01 /* Release */,
			);
			defaultConfigurationIsVisible = 0;
			defaultConfigurationName = Release;
		};
		4EA04E9215E5212500021A01 /* Build configuration list for PBXNativeTarget "CashRegisterTests" */ = {
			isa = XCConfigurationList;
			buildConfigurations = (
				4EA04E9315E5212500021A01 /* Debug */,
				4EA04E9415E5212500021A01 /* Release */,
			);
			defaultConfigurationIsVisible = 0;
			defaultConfigurationName = Release;
		};
/* End XCConfigurationList section */
	};
	rootObject = 4EA04E5315E5212500021A01 /* Project object */;
}
